
Microsoft Visual Studio Solution File, Format Version 12.00
# Visual Studio Version 16
VisualStudioVersion = 16.0.31410.357
MinimumVisualStudioVersion = 10.0.40219.1
Project("{9A19103F-16F7-4668-BE54-9A1E7A4F7556}") = "Boss.az", "Boss.az\Boss.az.csproj", "{72606CEB-40DB-4B97-A73A-5415CCEC2DA3}"
EndProject
Global
	GlobalSection(SolutionConfigurationPlatforms) = preSolution
		Debug|Any CPU = Debug|Any CPU
		Release|Any CPU = Release|Any CPU
	EndGlobalSection
	GlobalSection(ProjectConfigurationPlatforms) = postSolution
		{72606CEB-40DB-4B97-A73A-5415CCEC2DA3}.Debug|Any CPU.ActiveCfg = Debug|Any CPU
		{72606CEB-40DB-4B97-A73A-5415CCEC2DA3}.Debug|Any CPU.Build.0 = Debug|Any CPU
		{72606CEB-40DB-4B97-A73A-5415CCEC2DA3}.Release|Any CPU.ActiveCfg = Release|Any CPU
		{72606CEB-40DB-4B97-A73A-5415CCEC2DA3}.Release|Any CPU.Build.0 = Release|Any CPU
	EndGlobalSection
	GlobalSection(SolutionProperties) = preSolution
		HideSolutionNode = FALSE
	EndGlobalSection
	GlobalSection(ExtensibilityGlobals) = postSolution
		SolutionGuid = {21D4551B-6171-4FC0-BA7B-66A8768D17E9}
	EndGlobalSection
EndGlobal
